
Microsoft Visual Studio Solution File, Format Version 12.00
# Visual Studio 15
Project("{FAE04EC0-301F-11D3-BF4B-00C04F79EFBC}") = "Assembly-CSharp", "Assembly-CSharp.csproj", "{4ADE04D2-2821-33FC-5334-511CE4903BD3}"
EndProject
Project("{FAE04EC0-301F-11D3-BF4B-00C04F79EFBC}") = "Assembly-CSharp-Editor", "Assembly-CSharp-Editor.csproj", "{42409FCE-9AB0-46B1-EB5D-91DC2AF1BA4E}"
EndProject
Global
	GlobalSection(SolutionConfigurationPlatforms) = preSolution
		Debug|Any CPU = Debug|Any CPU
		Release|Any CPU = Release|Any CPU
	EndGlobalSection
	GlobalSection(ProjectConfigurationPlatforms) = postSolution
		{4ADE04D2-2821-33FC-5334-511CE4903BD3}.Debug|Any CPU.ActiveCfg = Debug|Any CPU
		{4ADE04D2-2821-33FC-5334-511CE4903BD3}.Debug|Any CPU.Build.0 = Debug|Any CPU
		{4ADE04D2-2821-33FC-5334-511CE4903BD3}.Release|Any CPU.ActiveCfg = Release|Any CPU
		{4ADE04D2-2821-33FC-5334-511CE4903BD3}.Release|Any CPU.Build.0 = Release|Any CPU
		{42409FCE-9AB0-46B1-EB5D-91DC2AF1BA4E}.Debug|Any CPU.ActiveCfg = Debug|Any CPU
		{42409FCE-9AB0-46B1-EB5D-91DC2AF1BA4E}.Debug|Any CPU.Build.0 = Debug|Any CPU
		{42409FCE-9AB0-46B1-EB5D-91DC2AF1BA4E}.Release|Any CPU.ActiveCfg = Release|Any CPU
		{42409FCE-9AB0-46B1-EB5D-91DC2AF1BA4E}.Release|Any CPU.Build.0 = Release|Any CPU
	EndGlobalSection
	GlobalSection(SolutionProperties) = preSolution
		HideSolutionNode = FALSE
	EndGlobalSection
EndGlobal
